
Microsoft Visual Studio Solution File, Format Version 12.00
# Visual Studio Version 17
VisualStudioVersion = 17.8.34511.84
MinimumVisualStudioVersion = 10.0.40219.1
Project("{FAE04EC0-301F-11D3-BF4B-00C04F79EFBC}") = "Address_Book.Server", "Address_Book.Server\Address_Book.Server.csproj", "{656E76D7-C9CE-4BD7-9860-99232FD15B23}"
EndProject
Project("{54A90642-561A-4BB1-A94E-469ADEE60C69}") = "address_book.client", "address_book.client\address_book.client.esproj", "{C78A9B95-7A68-4153-8B8B-F5213078CAF8}"
EndProject
Global
	GlobalSection(SolutionConfigurationPlatforms) = preSolution
		Debug|Any CPU = Debug|Any CPU
		Release|Any CPU = Release|Any CPU
	EndGlobalSection
	GlobalSection(ProjectConfigurationPlatforms) = postSolution
		{656E76D7-C9CE-4BD7-9860-99232FD15B23}.Debug|Any CPU.ActiveCfg = Debug|Any CPU
		{656E76D7-C9CE-4BD7-9860-99232FD15B23}.Debug|Any CPU.Build.0 = Debug|Any CPU
		{656E76D7-C9CE-4BD7-9860-99232FD15B23}.Release|Any CPU.ActiveCfg = Release|Any CPU
		{656E76D7-C9CE-4BD7-9860-99232FD15B23}.Release|Any CPU.Build.0 = Release|Any CPU
		{C78A9B95-7A68-4153-8B8B-F5213078CAF8}.Debug|Any CPU.ActiveCfg = Debug|Any CPU
		{C78A9B95-7A68-4153-8B8B-F5213078CAF8}.Debug|Any CPU.Build.0 = Debug|Any CPU
		{C78A9B95-7A68-4153-8B8B-F5213078CAF8}.Debug|Any CPU.Deploy.0 = Debug|Any CPU
		{C78A9B95-7A68-4153-8B8B-F5213078CAF8}.Release|Any CPU.ActiveCfg = Release|Any CPU
		{C78A9B95-7A68-4153-8B8B-F5213078CAF8}.Release|Any CPU.Build.0 = Release|Any CPU
		{C78A9B95-7A68-4153-8B8B-F5213078CAF8}.Release|Any CPU.Deploy.0 = Release|Any CPU
	EndGlobalSection
	GlobalSection(SolutionProperties) = preSolution
		HideSolutionNode = FALSE
	EndGlobalSection
	GlobalSection(ExtensibilityGlobals) = postSolution
		SolutionGuid = {9DF58C8D-64B9-4DA0-907E-07E2AB63A0D8}
	EndGlobalSection
EndGlobal
